// !$*UTF8*$!
{
	archiveVersion = 1;
	classes = {
	};
	objectVersion = 56;
	objects = {

/* Begin PBXBuildFile section */
		847D03F92AAC3436004AC0FC /* AppDelegate.swift in Sources */ = {isa = PBXBuildFile; fileRef = 847D03F82AAC3436004AC0FC /* AppDelegate.swift */; };
		847D03FB2AAC3436004AC0FC /* SceneDelegate.swift in Sources */ = {isa = PBXBuildFile; fileRef = 847D03FA2AAC3436004AC0FC /* SceneDelegate.swift */; };
		847D03FD2AAC3436004AC0FC /* MainViewController.swift in Sources */ = {isa = PBXBuildFile; fileRef = 847D03FC2AAC3436004AC0FC /* MainViewController.swift */; };
		847D04002AAC3436004AC0FC /* Main.storyboard in Resources */ = {isa = PBXBuildFile; fileRef = 847D03FE2AAC3436004AC0FC /* Main.storyboard */; };
		847D04022AAC3439004AC0FC /* Assets.xcassets in Resources */ = {isa = PBXBuildFile; fileRef = 847D04012AAC3439004AC0FC /* Assets.xcassets */; };
		847D04052AAC3439004AC0FC /* LaunchScreen.storyboard in Resources */ = {isa = PBXBuildFile; fileRef = 847D04032AAC3439004AC0FC /* LaunchScreen.storyboard */; };
		847D04102AAC3439004AC0FC /* PACReceiptsTests.swift in Sources */ = {isa = PBXBuildFile; fileRef = 847D040F2AAC3439004AC0FC /* PACReceiptsTests.swift */; };
		847D041A2AAC3439004AC0FC /* PACReceiptsUITests.swift in Sources */ = {isa = PBXBuildFile; fileRef = 847D04192AAC3439004AC0FC /* PACReceiptsUITests.swift */; };
		847D041C2AAC3439004AC0FC /* PACReceiptsUITestsLaunchTests.swift in Sources */ = {isa = PBXBuildFile; fileRef = 847D041B2AAC3439004AC0FC /* PACReceiptsUITestsLaunchTests.swift */; };
/* End PBXBuildFile section */

/* Begin PBXContainerItemProxy section */
		847D040C2AAC3439004AC0FC /* PBXContainerItemProxy */ = {
			isa = PBXContainerItemProxy;
			containerPortal = 847D03ED2AAC3436004AC0FC /* Project object */;
			proxyType = 1;
			remoteGlobalIDString = 847D03F42AAC3436004AC0FC;
			remoteInfo = PACReceipts;
		};
		847D04162AAC3439004AC0FC /* PBXContainerItemProxy */ = {
			isa = PBXContainerItemProxy;
			containerPortal = 847D03ED2AAC3436004AC0FC /* Project object */;
			proxyType = 1;
			remoteGlobalIDString = 847D03F42AAC3436004AC0FC;
			remoteInfo = PACReceipts;
		};
/* End PBXContainerItemProxy section */

/* Begin PBXFileReference section */
		847D03F52AAC3436004AC0FC /* PACReceipts.app */ = {isa = PBXFileReference; explicitFileType = wrapper.application; includeInIndex = 0; path = PACReceipts.app; sourceTree = BUILT_PRODUCTS_DIR; };
		847D03F82AAC3436004AC0FC /* AppDelegate.swift */ = {isa = PBXFileReference; lastKnownFileType = sourcecode.swift; path = AppDelegate.swift; sourceTree = "<group>"; };
		847D03FA2AAC3436004AC0FC /* SceneDelegate.swift */ = {isa = PBXFileReference; lastKnownFileType = sourcecode.swift; path = SceneDelegate.swift; sourceTree = "<group>"; };
		847D03FC2AAC3436004AC0FC /* MainViewController.swift */ = {isa = PBXFileReference; lastKnownFileType = sourcecode.swift; path = MainViewController.swift; sourceTree = "<group>"; };
		847D03FF2AAC3436004AC0FC /* Base */ = {isa = PBXFileReference; lastKnownFileType = file.storyboard; name = Base; path = Base.lproj/Main.storyboard; sourceTree = "<group>"; };
		847D04012AAC3439004AC0FC /* Assets.xcassets */ = {isa = PBXFileReference; lastKnownFileType = folder.assetcatalog; path = Assets.xcassets; sourceTree = "<group>"; };
		847D04042AAC3439004AC0FC /* Base */ = {isa = PBXFileReference; lastKnownFileType = file.storyboard; name = Base; path = Base.lproj/LaunchScreen.storyboard; sourceTree = "<group>"; };
		847D04062AAC3439004AC0FC /* Info.plist */ = {isa = PBXFileReference; lastKnownFileType = text.plist.xml; path = Info.plist; sourceTree = "<group>"; };
		847D040B2AAC3439004AC0FC /* PACReceiptsTests.xctest */ = {isa = PBXFileReference; explicitFileType = wrapper.cfbundle; includeInIndex = 0; path = PACReceiptsTests.xctest; sourceTree = BUILT_PRODUCTS_DIR; };
		847D040F2AAC3439004AC0FC /* PACReceiptsTests.swift */ = {isa = PBXFileReference; lastKnownFileType = sourcecode.swift; path = PACReceiptsTests.swift; sourceTree = "<group>"; };
		847D04152AAC3439004AC0FC /* PACReceiptsUITests.xctest */ = {isa = PBXFileReference; explicitFileType = wrapper.cfbundle; includeInIndex = 0; path = PACReceiptsUITests.xctest; sourceTree = BUILT_PRODUCTS_DIR; };
		847D04192AAC3439004AC0FC /* PACReceiptsUITests.swift */ = {isa = PBXFileReference; lastKnownFileType = sourcecode.swift; path = PACReceiptsUITests.swift; sourceTree = "<group>"; };
		847D041B2AAC3439004AC0FC /* PACReceiptsUITestsLaunchTests.swift */ = {isa = PBXFileReference; lastKnownFileType = sourcecode.swift; path = PACReceiptsUITestsLaunchTests.swift; sourceTree = "<group>"; };
/* End PBXFileReference section */

/* Begin PBXFrameworksBuildPhase section */
		847D03F22AAC3436004AC0FC /* Frameworks */ = {
			isa = PBXFrameworksBuildPhase;
			buildActionMask = 2147483647;
			files = (
			);
			runOnlyForDeploymentPostprocessing = 0;
		};
		847D04082AAC3439004AC0FC /* Frameworks */ = {
			isa = PBXFrameworksBuildPhase;
			buildActionMask = 2147483647;
			files = (
			);
			runOnlyForDeploymentPostprocessing = 0;
		};
		847D04122AAC3439004AC0FC /* Frameworks */ = {
			isa = PBXFrameworksBuildPhase;
			buildActionMask = 2147483647;
			files = (
			);
			runOnlyForDeploymentPostprocessing = 0;
		};
/* End PBXFrameworksBuildPhase section */

/* Begin PBXGroup section */
		847D03EC2AAC3436004AC0FC = {
			isa = PBXGroup;
			children = (
				847D03F72AAC3436004AC0FC /* PACReceipts */,
				847D040E2AAC3439004AC0FC /* PACReceiptsTests */,
				847D04182AAC3439004AC0FC /* PACReceiptsUITests */,
				847D03F62AAC3436004AC0FC /* Products */,
			);
			sourceTree = "<group>";
		};
		847D03F62AAC3436004AC0FC /* Products */ = {
			isa = PBXGroup;
			children = (
				847D03F52AAC3436004AC0FC /* PACReceipts.app */,
				847D040B2AAC3439004AC0FC /* PACReceiptsTests.xctest */,
				847D04152AAC3439004AC0FC /* PACReceiptsUITests.xctest */,
			);
			name = Products;
			sourceTree = "<group>";
		};
		847D03F72AAC3436004AC0FC /* PACReceipts */ = {
			isa = PBXGroup;
			children = (
				847D04292AAC3686004AC0FC /* Service */,
				847D04282AAC3657004AC0FC /* Models */,
				847D03F82AAC3436004AC0FC /* AppDelegate.swift */,
				847D03FA2AAC3436004AC0FC /* SceneDelegate.swift */,
				847D03FC2AAC3436004AC0FC /* MainViewController.swift */,
				847D03FE2AAC3436004AC0FC /* Main.storyboard */,
				847D04012AAC3439004AC0FC /* Assets.xcassets */,
				847D04032AAC3439004AC0FC /* LaunchScreen.storyboard */,
				847D04062AAC3439004AC0FC /* Info.plist */,
			);
			path = PACReceipts;
			sourceTree = "<group>";
		};
		847D040E2AAC3439004AC0FC /* PACReceiptsTests */ = {
			isa = PBXGroup;
			children = (
				847D040F2AAC3439004AC0FC /* PACReceiptsTests.swift */,
			);
			path = PACReceiptsTests;
			sourceTree = "<group>";
		};
		847D04182AAC3439004AC0FC /* PACReceiptsUITests */ = {
			isa = PBXGroup;
			children = (
				847D04192AAC3439004AC0FC /* PACReceiptsUITests.swift */,
				847D041B2AAC3439004AC0FC /* PACReceiptsUITestsLaunchTests.swift */,
			);
			path = PACReceiptsUITests;
			sourceTree = "<group>";
		};
		847D04282AAC3657004AC0FC /* Models */ = {
			isa = PBXGroup;
			children = (
			);
			path = Models;
			sourceTree = "<group>";
		};
		847D04292AAC3686004AC0FC /* Service */ = {
			isa = PBXGroup;
			children = (
			);
			path = Service;
			sourceTree = "<group>";
		};
/* End PBXGroup section */

/* Begin PBXNativeTarget section */
		847D03F42AAC3436004AC0FC /* PACReceipts */ = {
			isa = PBXNativeTarget;
			buildConfigurationList = 847D041F2AAC3439004AC0FC /* Build configuration list for PBXNativeTarget "PACReceipts" */;
			buildPhases = (
				847D03F12AAC3436004AC0FC /* Sources */,
				847D03F22AAC3436004AC0FC /* Frameworks */,
				847D03F32AAC3436004AC0FC /* Resources */,
			);
			buildRules = (
			);
			dependencies = (
			);
			name = PACReceipts;
			productName = PACReceipts;
			productReference = 847D03F52AAC3436004AC0FC /* PACReceipts.app */;
			productType = "com.apple.product-type.application";
		};
		847D040A2AAC3439004AC0FC /* PACReceiptsTests */ = {
			isa = PBXNativeTarget;
			buildConfigurationList = 847D04222AAC3439004AC0FC /* Build configuration list for PBXNativeTarget "PACReceiptsTests" */;
			buildPhases = (
				847D04072AAC3439004AC0FC /* Sources */,
				847D04082AAC3439004AC0FC /* Frameworks */,
				847D04092AAC3439004AC0FC /* Resources */,
			);
			buildRules = (
			);
			dependencies = (
				847D040D2AAC3439004AC0FC /* PBXTargetDependency */,
			);
			name = PACReceiptsTests;
			productName = PACReceiptsTests;
			productReference = 847D040B2AAC3439004AC0FC /* PACReceiptsTests.xctest */;
			productType = "com.apple.product-type.bundle.unit-test";
		};
		847D04142AAC3439004AC0FC /* PACReceiptsUITests */ = {
			isa = PBXNativeTarget;
			buildConfigurationList = 847D04252AAC3439004AC0FC /* Build configuration list for PBXNativeTarget "PACReceiptsUITests" */;
			buildPhases = (
				847D04112AAC3439004AC0FC /* Sources */,
				847D04122AAC3439004AC0FC /* Frameworks */,
				847D04132AAC3439004AC0FC /* Resources */,
			);
			buildRules = (
			);
			dependencies = (
				847D04172AAC3439004AC0FC /* PBXTargetDependency */,
			);
			name = PACReceiptsUITests;
			productName = PACReceiptsUITests;
			productReference = 847D04152AAC3439004AC0FC /* PACReceiptsUITests.xctest */;
			productType = "com.apple.product-type.bundle.ui-testing";
		};
/* End PBXNativeTarget section */

/* Begin PBXProject section */
		847D03ED2AAC3436004AC0FC /* Project object */ = {
			isa = PBXProject;
			attributes = {
				BuildIndependentTargetsInParallel = 1;
				LastSwiftUpdateCheck = 1430;
				LastUpgradeCheck = 1430;
				TargetAttributes = {
					847D03F42AAC3436004AC0FC = {
						CreatedOnToolsVersion = 14.3;
					};
					847D040A2AAC3439004AC0FC = {
						CreatedOnToolsVersion = 14.3;
						TestTargetID = 847D03F42AAC3436004AC0FC;
					};
					847D04142AAC3439004AC0FC = {
						CreatedOnToolsVersion = 14.3;
						TestTargetID = 847D03F42AAC3436004AC0FC;
					};
				};
			};
			buildConfigurationList = 847D03F02AAC3436004AC0FC /* Build configuration list for PBXProject "PACReceipts" */;
			compatibilityVersion = "Xcode 14.0";
			developmentRegion = en;
			hasScannedForEncodings = 0;
			knownRegions = (
				en,
				Base,
			);
			mainGroup = 847D03EC2AAC3436004AC0FC;
			productRefGroup = 847D03F62AAC3436004AC0FC /* Products */;
			projectDirPath = "";
			projectRoot = "";
			targets = (
				847D03F42AAC3436004AC0FC /* PACReceipts */,
				847D040A2AAC3439004AC0FC /* PACReceiptsTests */,
				847D04142AAC3439004AC0FC /* PACReceiptsUITests */,
			);
		};
/* End PBXProject section */

/* Begin PBXResourcesBuildPhase section */
		847D03F32AAC3436004AC0FC /* Resources */ = {
			isa = PBXResourcesBuildPhase;
			buildActionMask = 2147483647;
			files = (
				847D04052AAC3439004AC0FC /* LaunchScreen.storyboard in Resources */,
				847D04022AAC3439004AC0FC /* Assets.xcassets in Resources */,
				847D04002AAC3436004AC0FC /* Main.storyboard in Resources */,
			);
			runOnlyForDeploymentPostprocessing = 0;
		};
		847D04092AAC3439004AC0FC /* Resources */ = {
			isa = PBXResourcesBuildPhase;
			buildActionMask = 2147483647;
			files = (
			);
			runOnlyForDeploymentPostprocessing = 0;
		};
		847D04132AAC3439004AC0FC /* Resources */ = {
			isa = PBXResourcesBuildPhase;
			buildActionMask = 2147483647;
			files = (
			);
			runOnlyForDeploymentPostprocessing = 0;
		};
/* End PBXResourcesBuildPhase section */

/* Begin PBXSourcesBuildPhase section */
		847D03F12AAC3436004AC0FC /* Sources */ = {
			isa = PBXSourcesBuildPhase;
			buildActionMask = 2147483647;
			files = (
				847D03FD2AAC3436004AC0FC /* MainViewController.swift in Sources */,
				847D03F92AAC3436004AC0FC /* AppDelegate.swift in Sources */,
				847D03FB2AAC3436004AC0FC /* SceneDelegate.swift in Sources */,
			);
			runOnlyForDeploymentPostprocessing = 0;
		};
		847D04072AAC3439004AC0FC /* Sources */ = {
			isa = PBXSourcesBuildPhase;
			buildActionMask = 2147483647;
			files = (
				847D04102AAC3439004AC0FC /* PACReceiptsTests.swift in Sources */,
			);
			runOnlyForDeploymentPostprocessing = 0;
		};
		847D04112AAC3439004AC0FC /* Sources */ = {
			isa = PBXSourcesBuildPhase;
			buildActionMask = 2147483647;
			files = (
				847D041C2AAC3439004AC0FC /* PACReceiptsUITestsLaunchTests.swift in Sources */,
				847D041A2AAC3439004AC0FC /* PACReceiptsUITests.swift in Sources */,
			);
			runOnlyForDeploymentPostprocessing = 0;
		};
/* End PBXSourcesBuildPhase section */

/* Begin PBXTargetDependency section */
		847D040D2AAC3439004AC0FC /* PBXTargetDependency */ = {
			isa = PBXTargetDependency;
			target = 847D03F42AAC3436004AC0FC /* PACReceipts */;
			targetProxy = 847D040C2AAC3439004AC0FC /* PBXContainerItemProxy */;
		};
		847D04172AAC3439004AC0FC /* PBXTargetDependency */ = {
			isa = PBXTargetDependency;
			target = 847D03F42AAC3436004AC0FC /* PACReceipts */;
			targetProxy = 847D04162AAC3439004AC0FC /* PBXContainerItemProxy */;
		};
/* End PBXTargetDependency section */

/* Begin PBXVariantGroup section */
		847D03FE2AAC3436004AC0FC /* Main.storyboard */ = {
			isa = PBXVariantGroup;
			children = (
				847D03FF2AAC3436004AC0FC /* Base */,
			);
			name = Main.storyboard;
			sourceTree = "<group>";
		};
		847D04032AAC3439004AC0FC /* LaunchScreen.storyboard */ = {
			isa = PBXVariantGroup;
			children = (
				847D04042AAC3439004AC0FC /* Base */,
			);
			name = LaunchScreen.storyboard;
			sourceTree = "<group>";
		};
/* End PBXVariantGroup section */

/* Begin XCBuildConfiguration section */
		847D041D2AAC3439004AC0FC /* Debug */ = {
			isa = XCBuildConfiguration;
			buildSettings = {
				ALWAYS_SEARCH_USER_PATHS = NO;
				CLANG_ANALYZER_NONNULL = YES;
				CLANG_ANALYZER_NUMBER_OBJECT_CONVERSION = YES_AGGRESSIVE;
				CLANG_CXX_LANGUAGE_STANDARD = "gnu++20";
				CLANG_ENABLE_MODULES = YES;
				CLANG_ENABLE_OBJC_ARC = YES;
				CLANG_ENABLE_OBJC_WEAK = YES;
				CLANG_WARN_BLOCK_CAPTURE_AUTORELEASING = YES;
				CLANG_WARN_BOOL_CONVERSION = YES;
				CLANG_WARN_COMMA = YES;
				CLANG_WARN_CONSTANT_CONVERSION = YES;
				CLANG_WARN_DEPRECATED_OBJC_IMPLEMENTATIONS = YES;
				CLANG_WARN_DIRECT_OBJC_ISA_USAGE = YES_ERROR;
				CLANG_WARN_DOCUMENTATION_COMMENTS = YES;
				CLANG_WARN_EMPTY_BODY = YES;
				CLANG_WARN_ENUM_CONVERSION = YES;
				CLANG_WARN_INFINITE_RECURSION = YES;
				CLANG_WARN_INT_CONVERSION = YES;
				CLANG_WARN_NON_LITERAL_NULL_CONVERSION = YES;
				CLANG_WARN_OBJC_IMPLICIT_RETAIN_SELF = YES;
				CLANG_WARN_OBJC_LITERAL_CONVERSION = YES;
				CLANG_WARN_OBJC_ROOT_CLASS = YES_ERROR;
				CLANG_WARN_QUOTED_INCLUDE_IN_FRAMEWORK_HEADER = YES;
				CLANG_WARN_RANGE_LOOP_ANALYSIS = YES;
				CLANG_WARN_STRICT_PROTOTYPES = YES;
				CLANG_WARN_SUSPICIOUS_MOVE = YES;
				CLANG_WARN_UNGUARDED_AVAILABILITY = YES_AGGRESSIVE;
				CLANG_WARN_UNREACHABLE_CODE = YES;
				CLANG_WARN__DUPLICATE_METHOD_MATCH = YES;
				COPY_PHASE_STRIP = NO;
				DEBUG_INFORMATION_FORMAT = dwarf;
				ENABLE_STRICT_OBJC_MSGSEND = YES;
				ENABLE_TESTABILITY = YES;
				GCC_C_LANGUAGE_STANDARD = gnu11;
				GCC_DYNAMIC_NO_PIC = NO;
				GCC_NO_COMMON_BLOCKS = YES;
				GCC_OPTIMIZATION_LEVEL = 0;
				GCC_PREPROCESSOR_DEFINITIONS = (
					"DEBUG=1",
					"$(inherited)",
				);
				GCC_WARN_64_TO_32_BIT_CONVERSION = YES;
				GCC_WARN_ABOUT_RETURN_TYPE = YES_ERROR;
				GCC_WARN_UNDECLARED_SELECTOR = YES;
				GCC_WARN_UNINITIALIZED_AUTOS = YES_AGGRESSIVE;
				GCC_WARN_UNUSED_FUNCTION = YES;
				GCC_WARN_UNUSED_VARIABLE = YES;
				IPHONEOS_DEPLOYMENT_TARGET = 16.4;
				MTL_ENABLE_DEBUG_INFO = INCLUDE_SOURCE;
				MTL_FAST_MATH = YES;
				ONLY_ACTIVE_ARCH = YES;
				SDKROOT = iphoneos;
				SWIFT_ACTIVE_COMPILATION_CONDITIONS = DEBUG;
				SWIFT_OPTIMIZATION_LEVEL = "-Onone";
			};
			name = Debug;
		};
		847D041E2AAC3439004AC0FC /* Release */ = {
			isa = XCBuildConfiguration;
			buildSettings = {
				ALWAYS_SEARCH_USER_PATHS = NO;
				CLANG_ANALYZER_NONNULL = YES;
				CLANG_ANALYZER_NUMBER_OBJECT_CONVERSION = YES_AGGRESSIVE;
				CLANG_CXX_LANGUAGE_STANDARD = "gnu++20";
				CLANG_ENABLE_MODULES = YES;
				CLANG_ENABLE_OBJC_ARC = YES;
				CLANG_ENABLE_OBJC_WEAK = YES;
				CLANG_WARN_BLOCK_CAPTURE_AUTORELEASING = YES;
				CLANG_WARN_BOOL_CONVERSION = YES;
				CLANG_WARN_COMMA = YES;
				CLANG_WARN_CONSTANT_CONVERSION = YES;
				CLANG_WARN_DEPRECATED_OBJC_IMPLEMENTATIONS = YES;
				CLANG_WARN_DIRECT_OBJC_ISA_USAGE = YES_ERROR;
				CLANG_WARN_DOCUMENTATION_COMMENTS = YES;
				CLANG_WARN_EMPTY_BODY = YES;
				CLANG_WARN_ENUM_CONVERSION = YES;
				CLANG_WARN_INFINITE_RECURSION = YES;
				CLANG_WARN_INT_CONVERSION = YES;
				CLANG_WARN_NON_LITERAL_NULL_CONVERSION = YES;
				CLANG_WARN_OBJC_IMPLICIT_RETAIN_SELF = YES;
				CLANG_WARN_OBJC_LITERAL_CONVERSION = YES;
				CLANG_WARN_OBJC_ROOT_CLASS = YES_ERROR;
				CLANG_WARN_QUOTED_INCLUDE_IN_FRAMEWORK_HEADER = YES;
				CLANG_WARN_RANGE_LOOP_ANALYSIS = YES;
				CLANG_WARN_STRICT_PROTOTYPES = YES;
				CLANG_WARN_SUSPICIOUS_MOVE = YES;
				CLANG_WARN_UNGUARDED_AVAILABILITY = YES_AGGRESSIVE;
				CLANG_WARN_UNREACHABLE_CODE = YES;
				CLANG_WARN__DUPLICATE_METHOD_MATCH = YES;
				COPY_PHASE_STRIP = NO;
				DEBUG_INFORMATION_FORMAT = "dwarf-with-dsym";
				ENABLE_NS_ASSERTIONS = NO;
				ENABLE_STRICT_OBJC_MSGSEND = YES;
				GCC_C_LANGUAGE_STANDARD = gnu11;
				GCC_NO_COMMON_BLOCKS = YES;
				GCC_WARN_64_TO_32_BIT_CONVERSION = YES;
				GCC_WARN_ABOUT_RETURN_TYPE = YES_ERROR;
				GCC_WARN_UNDECLARED_SELECTOR = YES;
				GCC_WARN_UNINITIALIZED_AUTOS = YES_AGGRESSIVE;
				GCC_WARN_UNUSED_FUNCTION = YES;
				GCC_WARN_UNUSED_VARIABLE = YES;
				IPHONEOS_DEPLOYMENT_TARGET = 16.4;
				MTL_ENABLE_DEBUG_INFO = NO;
				MTL_FAST_MATH = YES;
				SDKROOT = iphoneos;
				SWIFT_COMPILATION_MODE = wholemodule;
				SWIFT_OPTIMIZATION_LEVEL = "-O";
				VALIDATE_PRODUCT = YES;
			};
			name = Release;
		};
		847D04202AAC3439004AC0FC /* Debug */ = {
			isa = XCBuildConfiguration;
			buildSettings = {
				ASSETCATALOG_COMPILER_APPICON_NAME = AppIcon;
				ASSETCATALOG_COMPILER_GLOBAL_ACCENT_COLOR_NAME = AccentColor;
				CODE_SIGN_STYLE = Automatic;
				CURRENT_PROJECT_VERSION = 1;
				DEVELOPMENT_TEAM = 79669YB25W;
				GENERATE_INFOPLIST_FILE = YES;
				INFOPLIST_FILE = PACReceipts/Info.plist;
				INFOPLIST_KEY_UIApplicationSupportsIndirectInputEvents = YES;
				INFOPLIST_KEY_UILaunchStoryboardName = LaunchScreen;
				INFOPLIST_KEY_UIMainStoryboardFile = Main;
				INFOPLIST_KEY_UISupportedInterfaceOrientations_iPad = "UIInterfaceOrientationPortrait UIInterfaceOrientationPortraitUpsideDown UIInterfaceOrientationLandscapeLeft UIInterfaceOrientationLandscapeRight";
				INFOPLIST_KEY_UISupportedInterfaceOrientations_iPhone = "UIInterfaceOrientationPortrait UIInterfaceOrientationLandscapeLeft UIInterfaceOrientationLandscapeRight";
				LD_RUNPATH_SEARCH_PATHS = (
					"$(inherited)",
					"@executable_path/Frameworks",
				);
				MARKETING_VERSION = 1.0;
				PRODUCT_BUNDLE_IDENTIFIER = daniel.com.PACReceipts;
				PRODUCT_NAME = "$(TARGET_NAME)";
				SWIFT_EMIT_LOC_STRINGS = YES;
				SWIFT_VERSION = 5.0;
				TARGETED_DEVICE_FAMILY = "1,2";
			};
			name = Debug;
		};
		847D04212AAC3439004AC0FC /* Release */ = {
			isa = XCBuildConfiguration;
			buildSettings = {
				ASSETCATALOG_COMPILER_APPICON_NAME = AppIcon;
				ASSETCATALOG_COMPILER_GLOBAL_ACCENT_COLOR_NAME = AccentColor;
				CODE_SIGN_STYLE = Automatic;
				CURRENT_PROJECT_VERSION = 1;
				DEVELOPMENT_TEAM = 79669YB25W;
				GENERATE_INFOPLIST_FILE = YES;
				INFOPLIST_FILE = PACReceipts/Info.plist;
				INFOPLIST_KEY_UIApplicationSupportsIndirectInputEvents = YES;
				INFOPLIST_KEY_UILaunchStoryboardName = LaunchScreen;
				INFOPLIST_KEY_UIMainStoryboardFile = Main;
				INFOPLIST_KEY_UISupportedInterfaceOrientations_iPad = "UIInterfaceOrientationPortrait UIInterfaceOrientationPortraitUpsideDown UIInterfaceOrientationLandscapeLeft UIInterfaceOrientationLandscapeRight";
				INFOPLIST_KEY_UISupportedInterfaceOrientations_iPhone = "UIInterfaceOrientationPortrait UIInterfaceOrientationLandscapeLeft UIInterfaceOrientationLandscapeRight";
				LD_RUNPATH_SEARCH_PATHS = (
					"$(inherited)",
					"@executable_path/Frameworks",
				);
				MARKETING_VERSION = 1.0;
				PRODUCT_BUNDLE_IDENTIFIER = daniel.com.PACReceipts;
				PRODUCT_NAME = "$(TARGET_NAME)";
				SWIFT_EMIT_LOC_STRINGS = YES;
				SWIFT_VERSION = 5.0;
				TARGETED_DEVICE_FAMILY = "1,2";
			};
			name = Release;
		};
		847D04232AAC3439004AC0FC /* Debug */ = {
			isa = XCBuildConfiguration;
			buildSettings = {
				ALWAYS_EMBED_SWIFT_STANDARD_LIBRARIES = YES;
				BUNDLE_LOADER = "$(TEST_HOST)";
				CODE_SIGN_STYLE = Automatic;
				CURRENT_PROJECT_VERSION = 1;
				DEVELOPMENT_TEAM = 79669YB25W;
				GENERATE_INFOPLIST_FILE = YES;
				IPHONEOS_DEPLOYMENT_TARGET = 16.4;
				MARKETING_VERSION = 1.0;
				PRODUCT_BUNDLE_IDENTIFIER = daniel.com.PACReceiptsTests;
				PRODUCT_NAME = "$(TARGET_NAME)";
				SWIFT_EMIT_LOC_STRINGS = NO;
				SWIFT_VERSION = 5.0;
				TARGETED_DEVICE_FAMILY = "1,2";
				TEST_HOST = "$(BUILT_PRODUCTS_DIR)/PACReceipts.app/$(BUNDLE_EXECUTABLE_FOLDER_PATH)/PACReceipts";
			};
			name = Debug;
		};
		847D04242AAC3439004AC0FC /* Release */ = {
			isa = XCBuildConfiguration;
			buildSettings = {
				ALWAYS_EMBED_SWIFT_STANDARD_LIBRARIES = YES;
				BUNDLE_LOADER = "$(TEST_HOST)";
				CODE_SIGN_STYLE = Automatic;
				CURRENT_PROJECT_VERSION = 1;
				DEVELOPMENT_TEAM = 79669YB25W;
				GENERATE_INFOPLIST_FILE = YES;
				IPHONEOS_DEPLOYMENT_TARGET = 16.4;
				MARKETING_VERSION = 1.0;
				PRODUCT_BUNDLE_IDENTIFIER = daniel.com.PACReceiptsTests;
				PRODUCT_NAME = "$(TARGET_NAME)";
				SWIFT_EMIT_LOC_STRINGS = NO;
				SWIFT_VERSION = 5.0;
				TARGETED_DEVICE_FAMILY = "1,2";
				TEST_HOST = "$(BUILT_PRODUCTS_DIR)/PACReceipts.app/$(BUNDLE_EXECUTABLE_FOLDER_PATH)/PACReceipts";
			};
			name = Release;
		};
		847D04262AAC3439004AC0FC /* Debug */ = {
			isa = XCBuildConfiguration;
			buildSettings = {
				ALWAYS_EMBED_SWIFT_STANDARD_LIBRARIES = YES;
				CODE_SIGN_STYLE = Automatic;
				CURRENT_PROJECT_VERSION = 1;
				DEVELOPMENT_TEAM = 79669YB25W;
				GENERATE_INFOPLIST_FILE = YES;
				MARKETING_VERSION = 1.0;
				PRODUCT_BUNDLE_IDENTIFIER = daniel.com.PACReceiptsUITests;
				PRODUCT_NAME = "$(TARGET_NAME)";
				SWIFT_EMIT_LOC_STRINGS = NO;
				SWIFT_VERSION = 5.0;
				TARGETED_DEVICE_FAMILY = "1,2";
				TEST_TARGET_NAME = PACReceipts;
			};
			name = Debug;
		};
		847D04272AAC3439004AC0FC /* Release */ = {
			isa = XCBuildConfiguration;
			buildSettings = {
				ALWAYS_EMBED_SWIFT_STANDARD_LIBRARIES = YES;
				CODE_SIGN_STYLE = Automatic;
				CURRENT_PROJECT_VERSION = 1;
				DEVELOPMENT_TEAM = 79669YB25W;
				GENERATE_INFOPLIST_FILE = YES;
				MARKETING_VERSION = 1.0;
				PRODUCT_BUNDLE_IDENTIFIER = daniel.com.PACReceiptsUITests;
				PRODUCT_NAME = "$(TARGET_NAME)";
				SWIFT_EMIT_LOC_STRINGS = NO;
				SWIFT_VERSION = 5.0;
				TARGETED_DEVICE_FAMILY = "1,2";
				TEST_TARGET_NAME = PACReceipts;
			};
			name = Release;
		};
/* End XCBuildConfiguration section */

/* Begin XCConfigurationList section */
		847D03F02AAC3436004AC0FC /* Build configuration list for PBXProject "PACReceipts" */ = {
			isa = XCConfigurationList;
			buildConfigurations = (
				847D041D2AAC3439004AC0FC /* Debug */,
				847D041E2AAC3439004AC0FC /* Release */,
			);
			defaultConfigurationIsVisible = 0;
			defaultConfigurationName = Release;
		};
		847D041F2AAC3439004AC0FC /* Build configuration list for PBXNativeTarget "PACReceipts" */ = {
			isa = XCConfigurationList;
			buildConfigurations = (
				847D04202AAC3439004AC0FC /* Debug */,
				847D04212AAC3439004AC0FC /* Release */,
			);
			defaultConfigurationIsVisible = 0;
			defaultConfigurationName = Release;
		};
		847D04222AAC3439004AC0FC /* Build configuration list for PBXNativeTarget "PACReceiptsTests" */ = {
			isa = XCConfigurationList;
			buildConfigurations = (
				847D04232AAC3439004AC0FC /* Debug */,
				847D04242AAC3439004AC0FC /* Release */,
			);
			defaultConfigurationIsVisible = 0;
			defaultConfigurationName = Release;
		};
		847D04252AAC3439004AC0FC /* Build configuration list for PBXNativeTarget "PACReceiptsUITests" */ = {
			isa = XCConfigurationList;
			buildConfigurations = (
				847D04262AAC3439004AC0FC /* Debug */,
				847D04272AAC3439004AC0FC /* Release */,
			);
			defaultConfigurationIsVisible = 0;
			defaultConfigurationName = Release;
		};
/* End XCConfigurationList section */
	};
	rootObject = 847D03ED2AAC3436004AC0FC /* Project object */;
}
